
Microsoft Visual Studio Solution File, Format Version 12.00
# Visual Studio 15
VisualStudioVersion = 15.0.27004.2005
MinimumVisualStudioVersion = 10.0.40219.1
Project("{FAE04EC0-301F-11D3-BF4B-00C04F79EFBC}") = "UpperCaseTestApp", "UpperCaseTestApp\UpperCaseTestApp.csproj", "{2E86B554-57E5-4EC7-A655-A16EB7C98768}"
EndProject
Project("{FAE04EC0-301F-11D3-BF4B-00C04F79EFBC}") = "PersonalInformationApp", "PersonalInformationApp\PersonalInformationApp.csproj", "{A3476232-6549-4AF0-8AAA-59D3BF11593C}"
EndProject
Global
	GlobalSection(SolutionConfigurationPlatforms) = preSolution
		Debug|Any CPU = Debug|Any CPU
		Release|Any CPU = Release|Any CPU
	EndGlobalSection
	GlobalSection(ProjectConfigurationPlatforms) = postSolution
		{2E86B554-57E5-4EC7-A655-A16EB7C98768}.Debug|Any CPU.ActiveCfg = Debug|Any CPU
		{2E86B554-57E5-4EC7-A655-A16EB7C98768}.Debug|Any CPU.Build.0 = Debug|Any CPU
		{2E86B554-57E5-4EC7-A655-A16EB7C98768}.Release|Any CPU.ActiveCfg = Release|Any CPU
		{2E86B554-57E5-4EC7-A655-A16EB7C98768}.Release|Any CPU.Build.0 = Release|Any CPU
		{A3476232-6549-4AF0-8AAA-59D3BF11593C}.Debug|Any CPU.ActiveCfg = Debug|Any CPU
		{A3476232-6549-4AF0-8AAA-59D3BF11593C}.Debug|Any CPU.Build.0 = Debug|Any CPU
		{A3476232-6549-4AF0-8AAA-59D3BF11593C}.Release|Any CPU.ActiveCfg = Release|Any CPU
		{A3476232-6549-4AF0-8AAA-59D3BF11593C}.Release|Any CPU.Build.0 = Release|Any CPU
	EndGlobalSection
	GlobalSection(SolutionProperties) = preSolution
		HideSolutionNode = FALSE
	EndGlobalSection
	GlobalSection(ExtensibilityGlobals) = postSolution
		SolutionGuid = {19320F5A-3904-41EB-A991-01E13B980CEA}
	EndGlobalSection
EndGlobal
